
Microsoft Visual Studio Solution File, Format Version 12.00
# Visual Studio Version 17
VisualStudioVersion = 17.9.34723.18
MinimumVisualStudioVersion = 10.0.40219.1
Project("{9A19103F-16F7-4668-BE54-9A1E7A4F7556}") = "PruebasInicial", "PruebasInicial\PruebasInicial.csproj", "{3DFCBD42-342A-4207-8382-81B427EF0065}"
EndProject
Project("{9A19103F-16F7-4668-BE54-9A1E7A4F7556}") = "TestProject1", "TestProject1\TestProject1.csproj", "{74DCAF8E-9D7F-43CA-BED5-8402D848E949}"
EndProject
Project("{9A19103F-16F7-4668-BE54-9A1E7A4F7556}") = "ApiCadenas", "ApiCadenas\ApiCadenas.csproj", "{B46A4C7B-5437-42BC-8A8B-B49ADBB9D95E}"
EndProject
Project("{9A19103F-16F7-4668-BE54-9A1E7A4F7556}") = "TestCadenas", "TestCadenas\TestCadenas.csproj", "{A5BA55F1-0D4E-457D-AD0D-2744B2CD8CEC}"
EndProject
Project("{FAE04EC0-301F-11D3-BF4B-00C04F79EFBC}") = "CalculadoraMCM", "CalculadoraMCM\CalculadoraMCM.csproj", "{06062109-F75F-4779-AC1D-429580EC7353}"
EndProject
Project("{FAE04EC0-301F-11D3-BF4B-00C04F79EFBC}") = "TestCalculadoraMCD", "TestCalculadoraMCD\TestCalculadoraMCD.csproj", "{BF23D412-FF86-4609-8422-E91981242771}"
EndProject
Global
	GlobalSection(SolutionConfigurationPlatforms) = preSolution
		Debug|Any CPU = Debug|Any CPU
		Release|Any CPU = Release|Any CPU
	EndGlobalSection
	GlobalSection(ProjectConfigurationPlatforms) = postSolution
		{3DFCBD42-342A-4207-8382-81B427EF0065}.Debug|Any CPU.ActiveCfg = Debug|Any CPU
		{3DFCBD42-342A-4207-8382-81B427EF0065}.Debug|Any CPU.Build.0 = Debug|Any CPU
		{3DFCBD42-342A-4207-8382-81B427EF0065}.Release|Any CPU.ActiveCfg = Release|Any CPU
		{3DFCBD42-342A-4207-8382-81B427EF0065}.Release|Any CPU.Build.0 = Release|Any CPU
		{74DCAF8E-9D7F-43CA-BED5-8402D848E949}.Debug|Any CPU.ActiveCfg = Debug|Any CPU
		{74DCAF8E-9D7F-43CA-BED5-8402D848E949}.Debug|Any CPU.Build.0 = Debug|Any CPU
		{74DCAF8E-9D7F-43CA-BED5-8402D848E949}.Release|Any CPU.ActiveCfg = Release|Any CPU
		{74DCAF8E-9D7F-43CA-BED5-8402D848E949}.Release|Any CPU.Build.0 = Release|Any CPU
		{B46A4C7B-5437-42BC-8A8B-B49ADBB9D95E}.Debug|Any CPU.ActiveCfg = Debug|Any CPU
		{B46A4C7B-5437-42BC-8A8B-B49ADBB9D95E}.Debug|Any CPU.Build.0 = Debug|Any CPU
		{B46A4C7B-5437-42BC-8A8B-B49ADBB9D95E}.Release|Any CPU.ActiveCfg = Release|Any CPU
		{B46A4C7B-5437-42BC-8A8B-B49ADBB9D95E}.Release|Any CPU.Build.0 = Release|Any CPU
		{A5BA55F1-0D4E-457D-AD0D-2744B2CD8CEC}.Debug|Any CPU.ActiveCfg = Debug|Any CPU
		{A5BA55F1-0D4E-457D-AD0D-2744B2CD8CEC}.Debug|Any CPU.Build.0 = Debug|Any CPU
		{A5BA55F1-0D4E-457D-AD0D-2744B2CD8CEC}.Release|Any CPU.ActiveCfg = Release|Any CPU
		{A5BA55F1-0D4E-457D-AD0D-2744B2CD8CEC}.Release|Any CPU.Build.0 = Release|Any CPU
		{06062109-F75F-4779-AC1D-429580EC7353}.Debug|Any CPU.ActiveCfg = Debug|Any CPU
		{06062109-F75F-4779-AC1D-429580EC7353}.Debug|Any CPU.Build.0 = Debug|Any CPU
		{06062109-F75F-4779-AC1D-429580EC7353}.Release|Any CPU.ActiveCfg = Release|Any CPU
		{06062109-F75F-4779-AC1D-429580EC7353}.Release|Any CPU.Build.0 = Release|Any CPU
		{BF23D412-FF86-4609-8422-E91981242771}.Debug|Any CPU.ActiveCfg = Debug|Any CPU
		{BF23D412-FF86-4609-8422-E91981242771}.Debug|Any CPU.Build.0 = Debug|Any CPU
		{BF23D412-FF86-4609-8422-E91981242771}.Release|Any CPU.ActiveCfg = Release|Any CPU
		{BF23D412-FF86-4609-8422-E91981242771}.Release|Any CPU.Build.0 = Release|Any CPU
	EndGlobalSection
	GlobalSection(SolutionProperties) = preSolution
		HideSolutionNode = FALSE
	EndGlobalSection
	GlobalSection(ExtensibilityGlobals) = postSolution
		SolutionGuid = {2D3123EB-2A2E-4F66-B4CF-22D5520B96B3}
	EndGlobalSection
EndGlobal
